<?xml version="1.0" encoding="utf-8"?>
<Project ToolsVersion="4.0" xmlns="http://schemas.microsoft.com/developer/msbuild/2003">
  <ItemGroup>
    <ClCompile Include="..\core\lo\address.c">
      <Filter>core\lo</Filter>
    </ClCompile>
    <ClCompile Include="..\core\lo\blob.c">
      <Filter>core\lo</Filter>
    </ClCompile>
    <ClCompile Include="..\core\lo\bundle.c">
      <Filter>core\lo</Filter>
    </ClCompile>
    <ClCompile Include="..\core\chuck.cc">
      <Filter>core</Filter>
    </ClCompile>
    <ClCompile Include="..\core\chuck_absyn.cc">
      <Filter>core</Filter>
    </ClCompile>
    <ClCompile Include="..\host\chuck_audio.cc">
      <Filter>host</Filter>
    </ClCompile>
    <ClCompile Include="..\core\chuck_compile.cc">
      <Filter>core</Filter>
    </ClCompile>
    <ClCompile Include="..\host\chuck_console.cc">
      <Filter>host</Filter>
    </ClCompile>
    <ClCompile Include="..\core\chuck_dl.cc">
      <Filter>core</Filter>
    </ClCompile>
    <ClCompile Include="..\core\chuck_emit.cc">
      <Filter>core</Filter>
    </ClCompile>
    <ClCompile Include="..\core\chuck_errmsg.cc">
      <Filter>core</Filter>
    </ClCompile>
    <ClCompile Include="..\core\chuck_frame.cc">
      <Filter>core</Filter>
    </ClCompile>
    <ClCompile Include="..\core\chuck_instr.cc">
      <Filter>core</Filter>
    </ClCompile>
    <ClCompile Include="..\core\chuck_io.cc">
      <Filter>core</Filter>
    </ClCompile>
    <ClCompile Include="..\core\chuck_lang.cc">
      <Filter>core</Filter>
    </ClCompile>
    <ClCompile Include="..\host\chuck_main.cc">
      <Filter>host</Filter>
    </ClCompile>
    <ClCompile Include="..\core\chuck_oo.cc">
      <Filter>core</Filter>
    </ClCompile>
    <ClCompile Include="..\core\chuck_otf.cc">
      <Filter>core</Filter>
    </ClCompile>
    <ClCompile Include="..\core\chuck_parse.cc">
      <Filter>core</Filter>
    </ClCompile>
    <ClCompile Include="..\core\chuck_scan.cc">
      <Filter>core</Filter>
    </ClCompile>
    <ClCompile Include="..\core\chuck_shell.cc">
      <Filter>core</Filter>
    </ClCompile>
    <ClCompile Include="..\core\chuck_stats.cc">
      <Filter>core</Filter>
    </ClCompile>
    <ClCompile Include="..\core\chuck_symbol.cc">
      <Filter>core</Filter>
    </ClCompile>
    <ClCompile Include="..\core\chuck_table.cc">
      <Filter>core</Filter>
    </ClCompile>
    <ClCompile Include="..\core\chuck_type.cc">
      <Filter>core</Filter>
    </ClCompile>
    <ClCompile Include="..\core\chuck_ugen.cc">
      <Filter>core</Filter>
    </ClCompile>
    <ClCompile Include="..\core\chuck_utils.cc">
      <Filter>core</Filter>
    </ClCompile>
    <ClCompile Include="..\core\chuck_vm.cc">
      <Filter>core</Filter>
    </ClCompile>
    <ClCompile Include="..\core\chuck_win32.c">
      <Filter>core</Filter>
    </ClCompile>
    <ClCompile Include="..\core\hidio_sdl.cc">
      <Filter>core</Filter>
    </ClCompile>
    <ClCompile Include="..\core\regex\xmalloc.c">
      <Filter>core\regex</Filter>
    </ClCompile>
    <ClCompile Include="..\core\uana_extract.cc">
      <Filter>core</Filter>
    </ClCompile>
    <ClCompile Include="..\core\uana_xform.cc">
      <Filter>core</Filter>
    </ClCompile>
    <ClCompile Include="..\core\ugen_filter.cc">
      <Filter>core</Filter>
    </ClCompile>
    <ClCompile Include="..\core\ugen_osc.cc">
      <Filter>core</Filter>
    </ClCompile>
    <ClCompile Include="..\core\ugen_stk.cc">
      <Filter>core</Filter>
    </ClCompile>
    <ClCompile Include="..\core\ugen_xxx.cc">
      <Filter>core</Filter>
    </ClCompile>
    <ClCompile Include="..\core\ulib_machine.cc">
      <Filter>core</Filter>
    </ClCompile>
    <ClCompile Include="..\core\ulib_math.cc">
      <Filter>core</Filter>
    </ClCompile>
    <ClCompile Include="..\core\ulib_opsc.cc">
      <Filter>core</Filter>
    </ClCompile>
    <ClCompile Include="..\core\ulib_regex.cc">
      <Filter>core</Filter>
    </ClCompile>
    <ClCompile Include="..\core\ulib_std.cc">
      <Filter>core</Filter>
    </ClCompile>
    <ClCompile Include="..\core\util_buffers.cc">
      <Filter>core</Filter>
    </ClCompile>
    <ClCompile Include="..\core\util_console.cc">
      <Filter>core</Filter>
    </ClCompile>
    <ClCompile Include="..\core\util_hid.cc">
      <Filter>core</Filter>
    </ClCompile>
    <ClCompile Include="..\core\util_math.c">
      <Filter>core</Filter>
    </ClCompile>
    <ClCompile Include="..\core\util_network.c">
      <Filter>core</Filter>
    </ClCompile>
    <ClCompile Include="..\core\util_opsc.cc">
      <Filter>core</Filter>
    </ClCompile>
    <ClCompile Include="..\core\util_raw.c">
      <Filter>core</Filter>
    </ClCompile>
    <ClCompile Include="..\core\util_serial.cc">
      <Filter>core</Filter>
    </ClCompile>
    <ClCompile Include="..\core\util_sndfile.c">
      <Filter>core</Filter>
    </ClCompile>
    <ClCompile Include="..\core\util_string.cc">
      <Filter>core</Filter>
    </ClCompile>
    <ClCompile Include="..\core\util_thread.cc">
      <Filter>core</Filter>
    </ClCompile>
    <ClCompile Include="..\core\util_xforms.c">
      <Filter>core</Filter>
    </ClCompile>
    <ClCompile Include="..\core\lo\send.c">
      <Filter>core\lo</Filter>
    </ClCompile>
    <ClCompile Include="..\core\lo\server.c">
      <Filter>core\lo</Filter>
    </ClCompile>
    <ClCompile Include="..\core\lo\timetag.c">
      <Filter>core\lo</Filter>
    </ClCompile>
    <ClCompile Include="..\core\rtmidi.cc">
      <Filter>core</Filter>
    </ClCompile>
    <ClCompile Include="..\host\rtaudio.cc">
      <Filter>host\RtAudio</Filter>
    </ClCompile>
    <ClCompile Include="..\core\midiio_rtmidi.cc">
      <Filter>core</Filter>
    </ClCompile>
    <ClCompile Include="..\core\lo\message.c">
      <Filter>core\lo</Filter>
    </ClCompile>
    <ClCompile Include="..\core\lo\method.c">
      <Filter>core\lo</Filter>
    </ClCompile>
    <ClCompile Include="..\core\lo\pattern_match.c">
      <Filter>core\lo</Filter>
    </ClCompile>
    <ClCompile Include="..\core\regex\regcomp.c">
      <Filter>core\regex</Filter>
    </ClCompile>
    <ClCompile Include="..\core\regex\regerror.c">
      <Filter>core\regex</Filter>
    </ClCompile>
    <ClCompile Include="..\core\regex\regexec.c">
      <Filter>core\regex</Filter>
    </ClCompile>
    <ClCompile Include="..\core\regex\tre-ast.c">
      <Filter>core\regex</Filter>
    </ClCompile>
    <ClCompile Include="..\core\regex\tre-compile.c">
      <Filter>core\regex</Filter>
    </ClCompile>
    <ClCompile Include="..\core\regex\tre-filter.c">
      <Filter>core\regex</Filter>
    </ClCompile>
    <ClCompile Include="..\core\regex\tre-match-approx.c">
      <Filter>core\regex</Filter>
    </ClCompile>
    <ClCompile Include="..\core\regex\tre-match-backtrack.c">
      <Filter>core\regex</Filter>
    </ClCompile>
    <ClCompile Include="..\core\regex\tre-match-parallel.c">
      <Filter>core\regex</Filter>
    </ClCompile>
    <ClCompile Include="..\core\regex\tre-mem.c">
      <Filter>core\regex</Filter>
    </ClCompile>
    <ClCompile Include="..\core\regex\tre-parse.c">
      <Filter>core\regex</Filter>
    </ClCompile>
    <ClCompile Include="..\core\regex\tre-stack.c">
      <Filter>core\regex</Filter>
    </ClCompile>
    <ClCompile Include="..\core\chuck_carrier.cc">
      <Filter>core</Filter>
    </ClCompile>
  </ItemGroup>
  <ItemGroup>
    <ClInclude Include="..\core\chuck.hh">
      <Filter>core</Filter>
    </ClInclude>
    <ClInclude Include="..\core\chuck_absyn.hh">
      <Filter>core</Filter>
    </ClInclude>
    <ClInclude Include="..\host\chuck_audio.hh">
      <Filter>host</Filter>
    </ClInclude>
    <ClInclude Include="..\core\chuck_carrier.hh">
      <Filter>core</Filter>
    </ClInclude>
    <ClInclude Include="..\core\chuck_compile.hh">
      <Filter>core</Filter>
    </ClInclude>
    <ClInclude Include="..\host\chuck_console.hh">
      <Filter>host</Filter>
    </ClInclude>
    <ClInclude Include="..\core\chuck_def.h">
      <Filter>core</Filter>
    </ClInclude>
    <ClInclude Include="..\core\chuck_dl.hh">
      <Filter>core</Filter>
    </ClInclude>
    <ClInclude Include="..\core\chuck_emit.hh">
      <Filter>core</Filter>
    </ClInclude>
    <ClInclude Include="..\core\chuck_errmsg.h">
      <Filter>core</Filter>
    </ClInclude>
    <ClInclude Include="..\core\chuck_frame.hh">
      <Filter>core</Filter>
    </ClInclude>
    <ClInclude Include="..\core\chuck_instr.hh">
      <Filter>core</Filter>
    </ClInclude>
    <ClInclude Include="..\core\chuck_io.hh">
      <Filter>core</Filter>
    </ClInclude>
    <ClInclude Include="..\core\chuck_lang.hh">
      <Filter>core</Filter>
    </ClInclude>
    <ClInclude Include="..\core\chuck_win32.h">
      <Filter>core</Filter>
    </ClInclude>
    <ClInclude Include="..\core\chuck_oo.hh">
      <Filter>core</Filter>
    </ClInclude>
    <ClInclude Include="..\core\chuck_otf.hh">
      <Filter>core</Filter>
    </ClInclude>
    <ClInclude Include="..\core\chuck_parse.hh">
      <Filter>core</Filter>
    </ClInclude>
    <ClInclude Include="..\core\chuck_scan.hh">
      <Filter>core</Filter>
    </ClInclude>
    <ClInclude Include="..\core\chuck_shell.hh">
      <Filter>core</Filter>
    </ClInclude>
    <ClInclude Include="..\core\chuck_stats.hh">
      <Filter>core</Filter>
    </ClInclude>
    <ClInclude Include="..\core\chuck_symbol.h">
      <Filter>core</Filter>
    </ClInclude>
    <ClInclude Include="..\core\chuck_table.hh">
      <Filter>core</Filter>
    </ClInclude>
    <ClInclude Include="..\core\chuck_type.hh">
      <Filter>core</Filter>
    </ClInclude>
    <ClInclude Include="..\core\chuck_ugen.hh">
      <Filter>core</Filter>
    </ClInclude>
    <ClInclude Include="..\core\chuck_utils.hh">
      <Filter>core</Filter>
    </ClInclude>
    <ClInclude Include="..\core\chuck_vm.hh">
      <Filter>core</Filter>
    </ClInclude>
    <ClInclude Include="..\core\lo\config.h">
      <Filter>core\lo</Filter>
    </ClInclude>
    <ClInclude Include="..\core\lo\lo.h">
      <Filter>core\lo</Filter>
    </ClInclude>
    <ClInclude Include="..\core\lo\lo_endian.h">
      <Filter>core\lo</Filter>
    </ClInclude>
    <ClInclude Include="..\core\lo\lo_errors.h">
      <Filter>core\lo</Filter>
    </ClInclude>
    <ClInclude Include="..\core\lo\lo_internal.h">
      <Filter>core\lo</Filter>
    </ClInclude>
    <ClInclude Include="..\core\lo\lo_lowlevel.h">
      <Filter>core\lo</Filter>
    </ClInclude>
    <ClInclude Include="..\core\lo\lo_macros.h">
      <Filter>core\lo</Filter>
    </ClInclude>
    <ClInclude Include="..\core\lo\lo_osc_types.h">
      <Filter>core\lo</Filter>
    </ClInclude>
    <ClInclude Include="..\core\lo\lo_throw.h">
      <Filter>core\lo</Filter>
    </ClInclude>
    <ClInclude Include="..\core\lo\lo_types.h">
      <Filter>core\lo</Filter>
    </ClInclude>
    <ClInclude Include="..\core\lo\lo_types_internal.h">
      <Filter>core\lo</Filter>
    </ClInclude>
    <ClInclude Include="..\core\hidio_sdl.hh">
      <Filter>core</Filter>
    </ClInclude>
    <ClInclude Include="..\core\dirent_win32.h">
      <Filter>core</Filter>
    </ClInclude>
    <ClInclude Include="..\core\uana_extract.hh">
      <Filter>core</Filter>
    </ClInclude>
    <ClInclude Include="..\core\uana_xform.hh">
      <Filter>core</Filter>
    </ClInclude>
    <ClInclude Include="..\core\ugen_filter.hh">
      <Filter>core</Filter>
    </ClInclude>
    <ClInclude Include="..\core\ugen_osc.hh">
      <Filter>core</Filter>
    </ClInclude>
    <ClInclude Include="..\core\ugen_stk.hh">
      <Filter>core</Filter>
    </ClInclude>
    <ClInclude Include="..\core\ugen_xxx.hh">
      <Filter>core</Filter>
    </ClInclude>
    <ClInclude Include="..\core\ulib_machine.hh">
      <Filter>core</Filter>
    </ClInclude>
    <ClInclude Include="..\core\ulib_math.hh">
      <Filter>core</Filter>
    </ClInclude>
    <ClInclude Include="..\core\ulib_opsc.hh">
      <Filter>core</Filter>
    </ClInclude>
    <ClInclude Include="..\core\ulib_regex.hh">
      <Filter>core</Filter>
    </ClInclude>
    <ClInclude Include="..\core\ulib_std.hh">
      <Filter>core</Filter>
    </ClInclude>
    <ClInclude Include="..\core\util_buffers.hh">
      <Filter>core</Filter>
    </ClInclude>
    <ClInclude Include="..\core\util_console.hh">
      <Filter>core</Filter>
    </ClInclude>
    <ClInclude Include="..\core\util_hid.hh">
      <Filter>core</Filter>
    </ClInclude>
    <ClInclude Include="..\core\util_math.h">
      <Filter>core</Filter>
    </ClInclude>
    <ClInclude Include="..\core\util_network.h">
      <Filter>core</Filter>
    </ClInclude>
    <ClInclude Include="..\core\util_opsc.hh">
      <Filter>core</Filter>
    </ClInclude>
    <ClInclude Include="..\core\util_raw.h">
      <Filter>core</Filter>
    </ClInclude>
    <ClInclude Include="..\core\util_serial.hh">
      <Filter>core</Filter>
    </ClInclude>
    <ClInclude Include="..\core\util_sndfile.h">
      <Filter>core</Filter>
    </ClInclude>
    <ClInclude Include="..\core\util_string.hh">
      <Filter>core</Filter>
    </ClInclude>
    <ClInclude Include="..\core\util_thread.hh">
      <Filter>core</Filter>
    </ClInclude>
    <ClInclude Include="..\core\util_xforms.h">
      <Filter>core</Filter>
    </ClInclude>
    <ClInclude Include="..\core\rtmidi.hh">
      <Filter>core</Filter>
    </ClInclude>
    <ClInclude Include="..\core\midiio_rtmidi.hh">
      <Filter>core</Filter>
    </ClInclude>
    <ClInclude Include="..\host\rtaudio.hh">
      <Filter>host\RtAudio</Filter>
    </ClInclude>
  </ItemGroup>
  <ItemGroup>
    <Filter Include="core">
      <UniqueIdentifier>{f2465173-5256-4498-a968-2b6fc0680d04}</UniqueIdentifier>
    </Filter>
    <Filter Include="core\lo">
      <UniqueIdentifier>{bfe69cb8-7cd2-4791-83ae-d7cf8acc8585}</UniqueIdentifier>
    </Filter>
    <Filter Include="host">
      <UniqueIdentifier>{2d754f77-2f58-470c-8a35-b460f44f1361}</UniqueIdentifier>
    </Filter>
    <Filter Include="host\RtAudio">
      <UniqueIdentifier>{f903c727-2038-4fe8-9639-90e8150dbf94}</UniqueIdentifier>
    </Filter>
    <Filter Include="core\regex">
      <UniqueIdentifier>{63914168-3a2a-429b-b20e-80ad17a4e036}</UniqueIdentifier>
    </Filter>
  </ItemGroup>
  <ItemGroup>
    <None Include="..\core\chuck.lex">
      <Filter>core</Filter>
    </None>
    <None Include="..\core\chuck.y">
      <Filter>core</Filter>
    </None>
  </ItemGroup>
</Project>
