
Microsoft Visual Studio Solution File, Format Version 11.00
# Visual C++ Express 2010
Project("{8BC9CEB8-8B4A-11D0-8D11-00A0C91BC942}") = "chuck", "chuck-vs10.vcxproj", "{C83D6D51-D477-4BAB-B2C2-F0698B9D3FB1}"
EndProject
Global
	GlobalSection(SolutionConfigurationPlatforms) = preSolution
		Debug|Win32 = Debug|Win32
		Release|Win32 = Release|Win32
	EndGlobalSection
	GlobalSection(ProjectConfigurationPlatforms) = postSolution
		{C83D6D51-D477-4BAB-B2C2-F0698B9D3FB1}.Debug|Win32.ActiveCfg = Debug|Win32
		{C83D6D51-D477-4BAB-B2C2-F0698B9D3FB1}.Debug|Win32.Build.0 = Debug|Win32
		{C83D6D51-D477-4BAB-B2C2-F0698B9D3FB1}.Release|Win32.ActiveCfg = Release|Win32
		{C83D6D51-D477-4BAB-B2C2-F0698B9D3FB1}.Release|Win32.Build.0 = Release|Win32
	EndGlobalSection
	GlobalSection(SolutionProperties) = preSolution
		HideSolutionNode = FALSE
	EndGlobalSection
EndGlobal
